Microsoft Visual Studio Solution File, Format Version 12.00
# Visual Studio 15
VisualStudioVersion = 15.0.26124.0
MinimumVisualStudioVersion = 15.0.26124.0
Project("{9A19103F-16F7-4668-BE54-9A1E7A4F7556}") = "Backend", "Backend\Backend.csproj", "{32547E0E-DC31-4E30-BC4F-9734FF75E775}"
EndProject
Project("{9A19103F-16F7-4668-BE54-9A1E7A4F7556}") = "Frontend", "Frontend\Frontend.csproj", "{FC65B355-21E1-426D-BE39-25E4EA6EA065}"
EndProject
Project("{9A19103F-16F7-4668-BE54-9A1E7A4F7556}") = "TextRankCalc", "TextRankCalc\TextRankCalc.csproj", "{2AFA0464-FABA-42C4-950C-1E22BC40B884}"
EndProject
Project("{9A19103F-16F7-4668-BE54-9A1E7A4F7556}") = "VowelConsCounter", "VowelConsCounter\VowelConsCounter.csproj", "{230DE4C8-FD21-4FD0-85E7-25853121CDC9}"
EndProject
Project("{9A19103F-16F7-4668-BE54-9A1E7A4F7556}") = "VowelConsRater", "VowelConsRater\VowelConsRater.csproj", "{F44D731D-CC58-488C-B920-4B3E10A8A370}"
EndProject
Global
	GlobalSection(SolutionConfigurationPlatforms) = preSolution
		Debug|Any CPU = Debug|Any CPU
		Debug|x64 = Debug|x64
		Debug|x86 = Debug|x86
		Release|Any CPU = Release|Any CPU
		Release|x64 = Release|x64
		Release|x86 = Release|x86
	EndGlobalSection
	GlobalSection(ProjectConfigurationPlatforms) = postSolution
		{32547E0E-DC31-4E30-BC4F-9734FF75E775}.Debug|Any CPU.ActiveCfg = Debug|Any CPU
		{32547E0E-DC31-4E30-BC4F-9734FF75E775}.Debug|Any CPU.Build.0 = Debug|Any CPU
		{32547E0E-DC31-4E30-BC4F-9734FF75E775}.Debug|x64.ActiveCfg = Debug|Any CPU
		{32547E0E-DC31-4E30-BC4F-9734FF75E775}.Debug|x64.Build.0 = Debug|Any CPU
		{32547E0E-DC31-4E30-BC4F-9734FF75E775}.Debug|x86.ActiveCfg = Debug|Any CPU
		{32547E0E-DC31-4E30-BC4F-9734FF75E775}.Debug|x86.Build.0 = Debug|Any CPU
		{32547E0E-DC31-4E30-BC4F-9734FF75E775}.Release|Any CPU.ActiveCfg = Release|Any CPU
		{32547E0E-DC31-4E30-BC4F-9734FF75E775}.Release|Any CPU.Build.0 = Release|Any CPU
		{32547E0E-DC31-4E30-BC4F-9734FF75E775}.Release|x64.ActiveCfg = Release|Any CPU
		{32547E0E-DC31-4E30-BC4F-9734FF75E775}.Release|x64.Build.0 = Release|Any CPU
		{32547E0E-DC31-4E30-BC4F-9734FF75E775}.Release|x86.ActiveCfg = Release|Any CPU
		{32547E0E-DC31-4E30-BC4F-9734FF75E775}.Release|x86.Build.0 = Release|Any CPU
		{FC65B355-21E1-426D-BE39-25E4EA6EA065}.Debug|Any CPU.ActiveCfg = Debug|Any CPU
		{FC65B355-21E1-426D-BE39-25E4EA6EA065}.Debug|Any CPU.Build.0 = Debug|Any CPU
		{FC65B355-21E1-426D-BE39-25E4EA6EA065}.Debug|x64.ActiveCfg = Debug|Any CPU
		{FC65B355-21E1-426D-BE39-25E4EA6EA065}.Debug|x64.Build.0 = Debug|Any CPU
		{FC65B355-21E1-426D-BE39-25E4EA6EA065}.Debug|x86.ActiveCfg = Debug|Any CPU
		{FC65B355-21E1-426D-BE39-25E4EA6EA065}.Debug|x86.Build.0 = Debug|Any CPU
		{FC65B355-21E1-426D-BE39-25E4EA6EA065}.Release|Any CPU.ActiveCfg = Release|Any CPU
		{FC65B355-21E1-426D-BE39-25E4EA6EA065}.Release|Any CPU.Build.0 = Release|Any CPU
		{FC65B355-21E1-426D-BE39-25E4EA6EA065}.Release|x64.ActiveCfg = Release|Any CPU
		{FC65B355-21E1-426D-BE39-25E4EA6EA065}.Release|x64.Build.0 = Release|Any CPU
		{FC65B355-21E1-426D-BE39-25E4EA6EA065}.Release|x86.ActiveCfg = Release|Any CPU
		{FC65B355-21E1-426D-BE39-25E4EA6EA065}.Release|x86.Build.0 = Release|Any CPU
		{2AFA0464-FABA-42C4-950C-1E22BC40B884}.Debug|Any CPU.ActiveCfg = Debug|Any CPU
		{2AFA0464-FABA-42C4-950C-1E22BC40B884}.Debug|Any CPU.Build.0 = Debug|Any CPU
		{2AFA0464-FABA-42C4-950C-1E22BC40B884}.Debug|x64.ActiveCfg = Debug|Any CPU
		{2AFA0464-FABA-42C4-950C-1E22BC40B884}.Debug|x64.Build.0 = Debug|Any CPU
		{2AFA0464-FABA-42C4-950C-1E22BC40B884}.Debug|x86.ActiveCfg = Debug|Any CPU
		{2AFA0464-FABA-42C4-950C-1E22BC40B884}.Debug|x86.Build.0 = Debug|Any CPU
		{2AFA0464-FABA-42C4-950C-1E22BC40B884}.Release|Any CPU.ActiveCfg = Release|Any CPU
		{2AFA0464-FABA-42C4-950C-1E22BC40B884}.Release|Any CPU.Build.0 = Release|Any CPU
		{2AFA0464-FABA-42C4-950C-1E22BC40B884}.Release|x64.ActiveCfg = Release|Any CPU
		{2AFA0464-FABA-42C4-950C-1E22BC40B884}.Release|x64.Build.0 = Release|Any CPU
		{2AFA0464-FABA-42C4-950C-1E22BC40B884}.Release|x86.ActiveCfg = Release|Any CPU
		{2AFA0464-FABA-42C4-950C-1E22BC40B884}.Release|x86.Build.0 = Release|Any CPU
		{230DE4C8-FD21-4FD0-85E7-25853121CDC9}.Debug|Any CPU.ActiveCfg = Debug|Any CPU
		{230DE4C8-FD21-4FD0-85E7-25853121CDC9}.Debug|Any CPU.Build.0 = Debug|Any CPU
		{230DE4C8-FD21-4FD0-85E7-25853121CDC9}.Debug|x64.ActiveCfg = Debug|Any CPU
		{230DE4C8-FD21-4FD0-85E7-25853121CDC9}.Debug|x64.Build.0 = Debug|Any CPU
		{230DE4C8-FD21-4FD0-85E7-25853121CDC9}.Debug|x86.ActiveCfg = Debug|Any CPU
		{230DE4C8-FD21-4FD0-85E7-25853121CDC9}.Debug|x86.Build.0 = Debug|Any CPU
		{230DE4C8-FD21-4FD0-85E7-25853121CDC9}.Release|Any CPU.ActiveCfg = Release|Any CPU
		{230DE4C8-FD21-4FD0-85E7-25853121CDC9}.Release|Any CPU.Build.0 = Release|Any CPU
		{230DE4C8-FD21-4FD0-85E7-25853121CDC9}.Release|x64.ActiveCfg = Release|Any CPU
		{230DE4C8-FD21-4FD0-85E7-25853121CDC9}.Release|x64.Build.0 = Release|Any CPU
		{230DE4C8-FD21-4FD0-85E7-25853121CDC9}.Release|x86.ActiveCfg = Release|Any CPU
		{230DE4C8-FD21-4FD0-85E7-25853121CDC9}.Release|x86.Build.0 = Release|Any CPU
		{F44D731D-CC58-488C-B920-4B3E10A8A370}.Debug|Any CPU.ActiveCfg = Debug|Any CPU
		{F44D731D-CC58-488C-B920-4B3E10A8A370}.Debug|Any CPU.Build.0 = Debug|Any CPU
		{F44D731D-CC58-488C-B920-4B3E10A8A370}.Debug|x64.ActiveCfg = Debug|Any CPU
		{F44D731D-CC58-488C-B920-4B3E10A8A370}.Debug|x64.Build.0 = Debug|Any CPU
		{F44D731D-CC58-488C-B920-4B3E10A8A370}.Debug|x86.ActiveCfg = Debug|Any CPU
		{F44D731D-CC58-488C-B920-4B3E10A8A370}.Debug|x86.Build.0 = Debug|Any CPU
		{F44D731D-CC58-488C-B920-4B3E10A8A370}.Release|Any CPU.ActiveCfg = Release|Any CPU
		{F44D731D-CC58-488C-B920-4B3E10A8A370}.Release|Any CPU.Build.0 = Release|Any CPU
		{F44D731D-CC58-488C-B920-4B3E10A8A370}.Release|x64.ActiveCfg = Release|Any CPU
		{F44D731D-CC58-488C-B920-4B3E10A8A370}.Release|x64.Build.0 = Release|Any CPU
		{F44D731D-CC58-488C-B920-4B3E10A8A370}.Release|x86.ActiveCfg = Release|Any CPU
		{F44D731D-CC58-488C-B920-4B3E10A8A370}.Release|x86.Build.0 = Release|Any CPU
	EndGlobalSection
	GlobalSection(SolutionProperties) = preSolution
		HideSolutionNode = FALSE
	EndGlobalSection
	GlobalSection(ExtensibilityGlobals) = postSolution
		SolutionGuid = {6A02AB41-5D16-4EBC-9B23-86A8B2B6D242}
	EndGlobalSection
EndGlobal
