Microsoft Visual Studio Solution File, Format Version 12.00
# Visual Studio 15
VisualStudioVersion = 15.0.26124.0
MinimumVisualStudioVersion = 15.0.26124.0
Project("{9A19103F-16F7-4668-BE54-9A1E7A4F7556}") = "Backend", "Backend\Backend.csproj", "{ED78EE0F-003D-40A7-950B-BC218A4094FB}"
EndProject
Project("{9A19103F-16F7-4668-BE54-9A1E7A4F7556}") = "Frontend", "Frontend\Frontend.csproj", "{5E06820D-C17B-472E-837E-F695DD63B143}"
EndProject
Project("{9A19103F-16F7-4668-BE54-9A1E7A4F7556}") = "KeyValuePairStorageLib", "KeyValuePairStorageLib\KeyValuePairStorageLib.csproj", "{3110FE61-F1BF-4683-80F5-983EA9467ABA}"
EndProject
Project("{9A19103F-16F7-4668-BE54-9A1E7A4F7556}") = "MessageQueueLib", "MessageQueueLib\MessageQueueLib.csproj", "{AFB1C34E-63E7-4574-920B-05BE2D2AD6BC}"
EndProject
Project("{9A19103F-16F7-4668-BE54-9A1E7A4F7556}") = "TextStatistics", "TextStatistics\TextStatistics.csproj", "{65F8FFA9-1689-43B5-A45A-2111FB7CF04D}"
EndProject
Project("{9A19103F-16F7-4668-BE54-9A1E7A4F7556}") = "VowelConsCounter", "VowelConsCounter\VowelConsCounter.csproj", "{FB6FF664-F1E7-496C-985A-4ACB45D547E5}"
EndProject
Project("{9A19103F-16F7-4668-BE54-9A1E7A4F7556}") = "VowelConsRater", "VowelConsRater\VowelConsRater.csproj", "{DD97E330-D193-4E07-9E09-3D8D1C26B0CE}"
EndProject
Global
	GlobalSection(SolutionConfigurationPlatforms) = preSolution
		Debug|Any CPU = Debug|Any CPU
		Debug|x64 = Debug|x64
		Debug|x86 = Debug|x86
		Release|Any CPU = Release|Any CPU
		Release|x64 = Release|x64
		Release|x86 = Release|x86
	EndGlobalSection
	GlobalSection(ProjectConfigurationPlatforms) = postSolution
		{ED78EE0F-003D-40A7-950B-BC218A4094FB}.Debug|Any CPU.ActiveCfg = Debug|Any CPU
		{ED78EE0F-003D-40A7-950B-BC218A4094FB}.Debug|Any CPU.Build.0 = Debug|Any CPU
		{ED78EE0F-003D-40A7-950B-BC218A4094FB}.Debug|x64.ActiveCfg = Debug|Any CPU
		{ED78EE0F-003D-40A7-950B-BC218A4094FB}.Debug|x64.Build.0 = Debug|Any CPU
		{ED78EE0F-003D-40A7-950B-BC218A4094FB}.Debug|x86.ActiveCfg = Debug|Any CPU
		{ED78EE0F-003D-40A7-950B-BC218A4094FB}.Debug|x86.Build.0 = Debug|Any CPU
		{ED78EE0F-003D-40A7-950B-BC218A4094FB}.Release|Any CPU.ActiveCfg = Release|Any CPU
		{ED78EE0F-003D-40A7-950B-BC218A4094FB}.Release|Any CPU.Build.0 = Release|Any CPU
		{ED78EE0F-003D-40A7-950B-BC218A4094FB}.Release|x64.ActiveCfg = Release|Any CPU
		{ED78EE0F-003D-40A7-950B-BC218A4094FB}.Release|x64.Build.0 = Release|Any CPU
		{ED78EE0F-003D-40A7-950B-BC218A4094FB}.Release|x86.ActiveCfg = Release|Any CPU
		{ED78EE0F-003D-40A7-950B-BC218A4094FB}.Release|x86.Build.0 = Release|Any CPU
		{5E06820D-C17B-472E-837E-F695DD63B143}.Debug|Any CPU.ActiveCfg = Debug|Any CPU
		{5E06820D-C17B-472E-837E-F695DD63B143}.Debug|Any CPU.Build.0 = Debug|Any CPU
		{5E06820D-C17B-472E-837E-F695DD63B143}.Debug|x64.ActiveCfg = Debug|Any CPU
		{5E06820D-C17B-472E-837E-F695DD63B143}.Debug|x64.Build.0 = Debug|Any CPU
		{5E06820D-C17B-472E-837E-F695DD63B143}.Debug|x86.ActiveCfg = Debug|Any CPU
		{5E06820D-C17B-472E-837E-F695DD63B143}.Debug|x86.Build.0 = Debug|Any CPU
		{5E06820D-C17B-472E-837E-F695DD63B143}.Release|Any CPU.ActiveCfg = Release|Any CPU
		{5E06820D-C17B-472E-837E-F695DD63B143}.Release|Any CPU.Build.0 = Release|Any CPU
		{5E06820D-C17B-472E-837E-F695DD63B143}.Release|x64.ActiveCfg = Release|Any CPU
		{5E06820D-C17B-472E-837E-F695DD63B143}.Release|x64.Build.0 = Release|Any CPU
		{5E06820D-C17B-472E-837E-F695DD63B143}.Release|x86.ActiveCfg = Release|Any CPU
		{5E06820D-C17B-472E-837E-F695DD63B143}.Release|x86.Build.0 = Release|Any CPU
		{3110FE61-F1BF-4683-80F5-983EA9467ABA}.Debug|Any CPU.ActiveCfg = Debug|Any CPU
		{3110FE61-F1BF-4683-80F5-983EA9467ABA}.Debug|Any CPU.Build.0 = Debug|Any CPU
		{3110FE61-F1BF-4683-80F5-983EA9467ABA}.Debug|x64.ActiveCfg = Debug|Any CPU
		{3110FE61-F1BF-4683-80F5-983EA9467ABA}.Debug|x64.Build.0 = Debug|Any CPU
		{3110FE61-F1BF-4683-80F5-983EA9467ABA}.Debug|x86.ActiveCfg = Debug|Any CPU
		{3110FE61-F1BF-4683-80F5-983EA9467ABA}.Debug|x86.Build.0 = Debug|Any CPU
		{3110FE61-F1BF-4683-80F5-983EA9467ABA}.Release|Any CPU.ActiveCfg = Release|Any CPU
		{3110FE61-F1BF-4683-80F5-983EA9467ABA}.Release|Any CPU.Build.0 = Release|Any CPU
		{3110FE61-F1BF-4683-80F5-983EA9467ABA}.Release|x64.ActiveCfg = Release|Any CPU
		{3110FE61-F1BF-4683-80F5-983EA9467ABA}.Release|x64.Build.0 = Release|Any CPU
		{3110FE61-F1BF-4683-80F5-983EA9467ABA}.Release|x86.ActiveCfg = Release|Any CPU
		{3110FE61-F1BF-4683-80F5-983EA9467ABA}.Release|x86.Build.0 = Release|Any CPU
		{AFB1C34E-63E7-4574-920B-05BE2D2AD6BC}.Debug|Any CPU.ActiveCfg = Debug|Any CPU
		{AFB1C34E-63E7-4574-920B-05BE2D2AD6BC}.Debug|Any CPU.Build.0 = Debug|Any CPU
		{AFB1C34E-63E7-4574-920B-05BE2D2AD6BC}.Debug|x64.ActiveCfg = Debug|Any CPU
		{AFB1C34E-63E7-4574-920B-05BE2D2AD6BC}.Debug|x64.Build.0 = Debug|Any CPU
		{AFB1C34E-63E7-4574-920B-05BE2D2AD6BC}.Debug|x86.ActiveCfg = Debug|Any CPU
		{AFB1C34E-63E7-4574-920B-05BE2D2AD6BC}.Debug|x86.Build.0 = Debug|Any CPU
		{AFB1C34E-63E7-4574-920B-05BE2D2AD6BC}.Release|Any CPU.ActiveCfg = Release|Any CPU
		{AFB1C34E-63E7-4574-920B-05BE2D2AD6BC}.Release|Any CPU.Build.0 = Release|Any CPU
		{AFB1C34E-63E7-4574-920B-05BE2D2AD6BC}.Release|x64.ActiveCfg = Release|Any CPU
		{AFB1C34E-63E7-4574-920B-05BE2D2AD6BC}.Release|x64.Build.0 = Release|Any CPU
		{AFB1C34E-63E7-4574-920B-05BE2D2AD6BC}.Release|x86.ActiveCfg = Release|Any CPU
		{AFB1C34E-63E7-4574-920B-05BE2D2AD6BC}.Release|x86.Build.0 = Release|Any CPU
		{65F8FFA9-1689-43B5-A45A-2111FB7CF04D}.Debug|Any CPU.ActiveCfg = Debug|Any CPU
		{65F8FFA9-1689-43B5-A45A-2111FB7CF04D}.Debug|Any CPU.Build.0 = Debug|Any CPU
		{65F8FFA9-1689-43B5-A45A-2111FB7CF04D}.Debug|x64.ActiveCfg = Debug|Any CPU
		{65F8FFA9-1689-43B5-A45A-2111FB7CF04D}.Debug|x64.Build.0 = Debug|Any CPU
		{65F8FFA9-1689-43B5-A45A-2111FB7CF04D}.Debug|x86.ActiveCfg = Debug|Any CPU
		{65F8FFA9-1689-43B5-A45A-2111FB7CF04D}.Debug|x86.Build.0 = Debug|Any CPU
		{65F8FFA9-1689-43B5-A45A-2111FB7CF04D}.Release|Any CPU.ActiveCfg = Release|Any CPU
		{65F8FFA9-1689-43B5-A45A-2111FB7CF04D}.Release|Any CPU.Build.0 = Release|Any CPU
		{65F8FFA9-1689-43B5-A45A-2111FB7CF04D}.Release|x64.ActiveCfg = Release|Any CPU
		{65F8FFA9-1689-43B5-A45A-2111FB7CF04D}.Release|x64.Build.0 = Release|Any CPU
		{65F8FFA9-1689-43B5-A45A-2111FB7CF04D}.Release|x86.ActiveCfg = Release|Any CPU
		{65F8FFA9-1689-43B5-A45A-2111FB7CF04D}.Release|x86.Build.0 = Release|Any CPU
		{FB6FF664-F1E7-496C-985A-4ACB45D547E5}.Debug|Any CPU.ActiveCfg = Debug|Any CPU
		{FB6FF664-F1E7-496C-985A-4ACB45D547E5}.Debug|Any CPU.Build.0 = Debug|Any CPU
		{FB6FF664-F1E7-496C-985A-4ACB45D547E5}.Debug|x64.ActiveCfg = Debug|Any CPU
		{FB6FF664-F1E7-496C-985A-4ACB45D547E5}.Debug|x64.Build.0 = Debug|Any CPU
		{FB6FF664-F1E7-496C-985A-4ACB45D547E5}.Debug|x86.ActiveCfg = Debug|Any CPU
		{FB6FF664-F1E7-496C-985A-4ACB45D547E5}.Debug|x86.Build.0 = Debug|Any CPU
		{FB6FF664-F1E7-496C-985A-4ACB45D547E5}.Release|Any CPU.ActiveCfg = Release|Any CPU
		{FB6FF664-F1E7-496C-985A-4ACB45D547E5}.Release|Any CPU.Build.0 = Release|Any CPU
		{FB6FF664-F1E7-496C-985A-4ACB45D547E5}.Release|x64.ActiveCfg = Release|Any CPU
		{FB6FF664-F1E7-496C-985A-4ACB45D547E5}.Release|x64.Build.0 = Release|Any CPU
		{FB6FF664-F1E7-496C-985A-4ACB45D547E5}.Release|x86.ActiveCfg = Release|Any CPU
		{FB6FF664-F1E7-496C-985A-4ACB45D547E5}.Release|x86.Build.0 = Release|Any CPU
		{DD97E330-D193-4E07-9E09-3D8D1C26B0CE}.Debug|Any CPU.ActiveCfg = Debug|Any CPU
		{DD97E330-D193-4E07-9E09-3D8D1C26B0CE}.Debug|Any CPU.Build.0 = Debug|Any CPU
		{DD97E330-D193-4E07-9E09-3D8D1C26B0CE}.Debug|x64.ActiveCfg = Debug|Any CPU
		{DD97E330-D193-4E07-9E09-3D8D1C26B0CE}.Debug|x64.Build.0 = Debug|Any CPU
		{DD97E330-D193-4E07-9E09-3D8D1C26B0CE}.Debug|x86.ActiveCfg = Debug|Any CPU
		{DD97E330-D193-4E07-9E09-3D8D1C26B0CE}.Debug|x86.Build.0 = Debug|Any CPU
		{DD97E330-D193-4E07-9E09-3D8D1C26B0CE}.Release|Any CPU.ActiveCfg = Release|Any CPU
		{DD97E330-D193-4E07-9E09-3D8D1C26B0CE}.Release|Any CPU.Build.0 = Release|Any CPU
		{DD97E330-D193-4E07-9E09-3D8D1C26B0CE}.Release|x64.ActiveCfg = Release|Any CPU
		{DD97E330-D193-4E07-9E09-3D8D1C26B0CE}.Release|x64.Build.0 = Release|Any CPU
		{DD97E330-D193-4E07-9E09-3D8D1C26B0CE}.Release|x86.ActiveCfg = Release|Any CPU
		{DD97E330-D193-4E07-9E09-3D8D1C26B0CE}.Release|x86.Build.0 = Release|Any CPU
	EndGlobalSection
	GlobalSection(SolutionProperties) = preSolution
		HideSolutionNode = FALSE
	EndGlobalSection
	GlobalSection(ExtensibilityGlobals) = postSolution
		SolutionGuid = {47E52F6F-A475-4384-A135-D8D45BFDC2A7}
	EndGlobalSection
EndGlobal
